
Microsoft Visual Studio Solution File, Format Version 12.00
# Visual Studio 15
VisualStudioVersion = 15.0.28010.2016
MinimumVisualStudioVersion = 10.0.40219.1
Project("{FAE04EC0-301F-11D3-BF4B-00C04F79EFBC}") = "ShackUp.UI", "ShackUp.UI\ShackUp.UI.csproj", "{33799575-5214-4566-A98D-43FF4136BF68}"
EndProject
Project("{FAE04EC0-301F-11D3-BF4B-00C04F79EFBC}") = "ShackUp.Models", "ShackUp.Models\ShackUp.Models.csproj", "{F3D64F30-2EA6-4130-B794-446BE03D9B9E}"
EndProject
Project("{FAE04EC0-301F-11D3-BF4B-00C04F79EFBC}") = "ShackUp.Data", "ShackUp.Data\ShackUp.Data.csproj", "{24EAEC3E-7CC0-4B9A-99CC-5C962619FD3C}"
EndProject
Project("{FAE04EC0-301F-11D3-BF4B-00C04F79EFBC}") = "ShackUp.Tests", "ShackUp.Tests\ShackUp.Tests.csproj", "{02ABF765-6A7C-4FFA-9D1B-886BDD79C577}"
EndProject
Project("{FAE04EC0-301F-11D3-BF4B-00C04F79EFBC}") = "ShackUp.BLL", "ShackUp.BLL\ShackUp.BLL.csproj", "{308DA6B5-3ACB-48EE-B465-4672E127ABF1}"
EndProject
Global
	GlobalSection(SolutionConfigurationPlatforms) = preSolution
		Debug|Any CPU = Debug|Any CPU
		Release|Any CPU = Release|Any CPU
	EndGlobalSection
	GlobalSection(ProjectConfigurationPlatforms) = postSolution
		{33799575-5214-4566-A98D-43FF4136BF68}.Debug|Any CPU.ActiveCfg = Debug|Any CPU
		{33799575-5214-4566-A98D-43FF4136BF68}.Debug|Any CPU.Build.0 = Debug|Any CPU
		{33799575-5214-4566-A98D-43FF4136BF68}.Release|Any CPU.ActiveCfg = Release|Any CPU
		{33799575-5214-4566-A98D-43FF4136BF68}.Release|Any CPU.Build.0 = Release|Any CPU
		{F3D64F30-2EA6-4130-B794-446BE03D9B9E}.Debug|Any CPU.ActiveCfg = Debug|Any CPU
		{F3D64F30-2EA6-4130-B794-446BE03D9B9E}.Debug|Any CPU.Build.0 = Debug|Any CPU
		{F3D64F30-2EA6-4130-B794-446BE03D9B9E}.Release|Any CPU.ActiveCfg = Release|Any CPU
		{F3D64F30-2EA6-4130-B794-446BE03D9B9E}.Release|Any CPU.Build.0 = Release|Any CPU
		{24EAEC3E-7CC0-4B9A-99CC-5C962619FD3C}.Debug|Any CPU.ActiveCfg = Debug|Any CPU
		{24EAEC3E-7CC0-4B9A-99CC-5C962619FD3C}.Debug|Any CPU.Build.0 = Debug|Any CPU
		{24EAEC3E-7CC0-4B9A-99CC-5C962619FD3C}.Release|Any CPU.ActiveCfg = Release|Any CPU
		{24EAEC3E-7CC0-4B9A-99CC-5C962619FD3C}.Release|Any CPU.Build.0 = Release|Any CPU
		{02ABF765-6A7C-4FFA-9D1B-886BDD79C577}.Debug|Any CPU.ActiveCfg = Debug|Any CPU
		{02ABF765-6A7C-4FFA-9D1B-886BDD79C577}.Debug|Any CPU.Build.0 = Debug|Any CPU
		{02ABF765-6A7C-4FFA-9D1B-886BDD79C577}.Release|Any CPU.ActiveCfg = Release|Any CPU
		{02ABF765-6A7C-4FFA-9D1B-886BDD79C577}.Release|Any CPU.Build.0 = Release|Any CPU
		{308DA6B5-3ACB-48EE-B465-4672E127ABF1}.Debug|Any CPU.ActiveCfg = Debug|Any CPU
		{308DA6B5-3ACB-48EE-B465-4672E127ABF1}.Debug|Any CPU.Build.0 = Debug|Any CPU
		{308DA6B5-3ACB-48EE-B465-4672E127ABF1}.Release|Any CPU.ActiveCfg = Release|Any CPU
		{308DA6B5-3ACB-48EE-B465-4672E127ABF1}.Release|Any CPU.Build.0 = Release|Any CPU
	EndGlobalSection
	GlobalSection(SolutionProperties) = preSolution
		HideSolutionNode = FALSE
	EndGlobalSection
	GlobalSection(ExtensibilityGlobals) = postSolution
		SolutionGuid = {FEA6ABB1-E6A7-4476-8F87-DA610865E6F2}
	EndGlobalSection
EndGlobal
